# generated by rye
# use `rye lock` or `rye sync` to update this lockfile
#
# last locked with the following flags:
#   pre: false
#   features: []
#   all-features: false
#   with-sources: false

-e file:.
anyio==4.3.0
    # via httpx
beautifulsoup4==4.12.3
    # via bs4
bs4==0.0.2
    # via facebook-py
capmonster-python==2.6.2
    # via facebook-py
certifi==2024.2.2
    # via httpcore
    # via httpx
    # via requests
charset-normalizer==3.3.2
    # via requests
fake-useragent==1.5.1
    # via facebook-py
h11==0.14.0
    # via httpcore
httpcore==1.0.5
    # via httpx
httpx==0.27.0
    # via facebook-py
idna==3.6
    # via anyio
    # via httpx
    # via requests
randomuser==1.6
    # via facebook-py
requests==2.31.0
    # via capmonster-python
six==1.16.0
    # via capmonster-python
sniffio==1.3.1
    # via anyio
    # via httpx
soupsieve==2.5
    # via beautifulsoup4
urllib3==2.2.1
    # via requests
